{
  "requires": true,
  "lockfileVersion": 1,
  "dependencies": {
    "vue-cli-plugin-element": {
      "version": "1.0.1",
      "resolved": "https://registry.npm.taobao.org/vue-cli-plugin-element/download/vue-cli-plugin-element-1.0.1.tgz",
      "integrity": "sha1-NOWPtls2z1mvrxT1AyiOXleLFVQ=",
      "dev": true
    }
  }
}
